// !$*UTF8*$!
{
	archiveVersion = 1;
	classes = {
	};
	objectVersion = 55;
	objects = {

/* Begin PBXBuildFile section */
		31158F4728FD411E004C8283 /* RxSwift+getSingle.swift in Sources */ = {isa = PBXBuildFile; fileRef = 31158F4628FD411E004C8283 /* RxSwift+getSingle.swift */; };
		31158F4928FD416B004C8283 /* Paginated.swift in Sources */ = {isa = PBXBuildFile; fileRef = 31158F4828FD416B004C8283 /* Paginated.swift */; };
		31158F4B28FD7693004C8283 /* RxSwift+paginated.swift in Sources */ = {isa = PBXBuildFile; fileRef = 31158F4A28FD7693004C8283 /* RxSwift+paginated.swift */; };
		31158F4D28FD76B8004C8283 /* PagingController.swift in Sources */ = {isa = PBXBuildFile; fileRef = 31158F4C28FD76B8004C8283 /* PagingController.swift */; };
		31158F4F28FD76CD004C8283 /* PagingViewModel.swift in Sources */ = {isa = PBXBuildFile; fileRef = 31158F4E28FD76CD004C8283 /* PagingViewModel.swift */; };
		3145BFC928FBA92200798FC0 /* AppDelegate.swift in Sources */ = {isa = PBXBuildFile; fileRef = 3145BFC828FBA92200798FC0 /* AppDelegate.swift */; };
		3145BFCB28FBA92200798FC0 /* SceneDelegate.swift in Sources */ = {isa = PBXBuildFile; fileRef = 3145BFCA28FBA92200798FC0 /* SceneDelegate.swift */; };
		3145BFD228FBA92500798FC0 /* Assets.xcassets in Resources */ = {isa = PBXBuildFile; fileRef = 3145BFD128FBA92500798FC0 /* Assets.xcassets */; };
		3145BFD528FBA92500798FC0 /* LaunchScreen.storyboard in Resources */ = {isa = PBXBuildFile; fileRef = 3145BFD328FBA92500798FC0 /* LaunchScreen.storyboard */; };
		3150816F28FBD4C900DA9EB7 /* HTTPClient.swift in Sources */ = {isa = PBXBuildFile; fileRef = 3150816E28FBD4C900DA9EB7 /* HTTPClient.swift */; };
		3150817128FBD4F100DA9EB7 /* VaccinationCenter.swift in Sources */ = {isa = PBXBuildFile; fileRef = 3150817028FBD4F100DA9EB7 /* VaccinationCenter.swift */; };
		3150817328FBD52800DA9EB7 /* VaccinationCenterMapper.swift in Sources */ = {isa = PBXBuildFile; fileRef = 3150817228FBD52800DA9EB7 /* VaccinationCenterMapper.swift */; };
		3150817528FBDC7800DA9EB7 /* URLSessionHTTPClient.swift in Sources */ = {isa = PBXBuildFile; fileRef = 3150817428FBDC7800DA9EB7 /* URLSessionHTTPClient.swift */; };
		3150817F28FBDF4600DA9EB7 /* RemoteAPIEndToEndTests.swift in Sources */ = {isa = PBXBuildFile; fileRef = 3150817E28FBDF4600DA9EB7 /* RemoteAPIEndToEndTests.swift */; };
		3150818728FBE11A00DA9EB7 /* XCTestCase+trackMemoryLeak.swift in Sources */ = {isa = PBXBuildFile; fileRef = 3150818628FBE11A00DA9EB7 /* XCTestCase+trackMemoryLeak.swift */; };
		3150818828FBE13500DA9EB7 /* XCTestCase+trackMemoryLeak.swift in Sources */ = {isa = PBXBuildFile; fileRef = 3150818628FBE11A00DA9EB7 /* XCTestCase+trackMemoryLeak.swift */; };
		3150818A28FC0CC400DA9EB7 /* VaccinationCentersUIIntegrationTests.swift in Sources */ = {isa = PBXBuildFile; fileRef = 3150818928FC0CC400DA9EB7 /* VaccinationCentersUIIntegrationTests.swift */; };
		3150818C28FC2B5800DA9EB7 /* TestHelpers.swift in Sources */ = {isa = PBXBuildFile; fileRef = 3150818B28FC2B5800DA9EB7 /* TestHelpers.swift */; };
		3150819128FC46B900DA9EB7 /* VaccinationCenterListViewController.swift in Sources */ = {isa = PBXBuildFile; fileRef = 3150819028FC46B900DA9EB7 /* VaccinationCenterListViewController.swift */; };
		3150819328FC472800DA9EB7 /* VaccinationCenterCell.swift in Sources */ = {isa = PBXBuildFile; fileRef = 3150819228FC472800DA9EB7 /* VaccinationCenterCell.swift */; };
		3150819628FC47AF00DA9EB7 /* VaccinationCentersRefreshController.swift in Sources */ = {isa = PBXBuildFile; fileRef = 3150819528FC47AF00DA9EB7 /* VaccinationCentersRefreshController.swift */; };
		3150819828FC4BD600DA9EB7 /* VaccinationCenterCellController.swift in Sources */ = {isa = PBXBuildFile; fileRef = 3150819728FC4BD600DA9EB7 /* VaccinationCenterCellController.swift */; };
		3150819B28FC4D2300DA9EB7 /* VaccinationCentersUIComposer.swift in Sources */ = {isa = PBXBuildFile; fileRef = 3150819A28FC4D2300DA9EB7 /* VaccinationCentersUIComposer.swift */; };
		3150819D28FD060300DA9EB7 /* VaccinationCentersViewModel.swift in Sources */ = {isa = PBXBuildFile; fileRef = 3150819C28FD060300DA9EB7 /* VaccinationCentersViewModel.swift */; };
		3199755E2903DA0A005A44AD /* Differentiator in Frameworks */ = {isa = PBXBuildFile; productRef = 3199755D2903DA0A005A44AD /* Differentiator */; };
		319975602903DA0A005A44AD /* RxDataSources in Frameworks */ = {isa = PBXBuildFile; productRef = 3199755F2903DA0A005A44AD /* RxDataSources */; };
		319975632903F5A1005A44AD /* VaccinationCentersViewModelTests.swift in Sources */ = {isa = PBXBuildFile; fileRef = 319975622903F5A1005A44AD /* VaccinationCentersViewModelTests.swift */; };
		3199756529054D8C005A44AD /* VaccinationCenterDetailView.swift in Sources */ = {isa = PBXBuildFile; fileRef = 3199756429054D8C005A44AD /* VaccinationCenterDetailView.swift */; };
		3199756729055851005A44AD /* VaccinationCenterConfiguration.swift in Sources */ = {isa = PBXBuildFile; fileRef = 3199756629055851005A44AD /* VaccinationCenterConfiguration.swift */; };
		31A8BBC628FEA714009459F0 /* VaccinationCenterMapperTests.swift in Sources */ = {isa = PBXBuildFile; fileRef = 31A8BBC528FEA714009459F0 /* VaccinationCenterMapperTests.swift */; };
		31A8BBC828FECEBF009459F0 /* VaccinationCenterListViewController+TestHelpers.swift in Sources */ = {isa = PBXBuildFile; fileRef = 31A8BBC728FECEBF009459F0 /* VaccinationCenterListViewController+TestHelpers.swift */; };
		31A8BBCB28FECF4F009459F0 /* VaccinationCenterCell+TestHelpers.swift in Sources */ = {isa = PBXBuildFile; fileRef = 31A8BBCA28FECF4F009459F0 /* VaccinationCenterCell+TestHelpers.swift */; };
		31DEF6CF28FDB83C0019F6E9 /* UIView+forceLayout.swift in Sources */ = {isa = PBXBuildFile; fileRef = 31DEF6CE28FDB83C0019F6E9 /* UIView+forceLayout.swift */; };
		31DEF6D228FE55910019F6E9 /* RxCocoa in Frameworks */ = {isa = PBXBuildFile; productRef = 31DEF6D128FE55910019F6E9 /* RxCocoa */; };
		31DEF6D428FE55910019F6E9 /* RxRelay in Frameworks */ = {isa = PBXBuildFile; productRef = 31DEF6D328FE55910019F6E9 /* RxRelay */; };
		31DEF6D628FE55910019F6E9 /* RxSwift in Frameworks */ = {isa = PBXBuildFile; productRef = 31DEF6D528FE55910019F6E9 /* RxSwift */; };
		31DEF6D928FE561F0019F6E9 /* SnapKit in Frameworks */ = {isa = PBXBuildFile; productRef = 31DEF6D828FE561F0019F6E9 /* SnapKit */; };
		31DEF6DD28FE74070019F6E9 /* VaccinationCentersEndPointTests.swift in Sources */ = {isa = PBXBuildFile; fileRef = 31DEF6DC28FE74070019F6E9 /* VaccinationCentersEndPointTests.swift */; };
		31DEF6DF28FE7AB90019F6E9 /* VaccinationCenterListEndPoint.swift in Sources */ = {isa = PBXBuildFile; fileRef = 31DEF6DE28FE7AB90019F6E9 /* VaccinationCenterListEndPoint.swift */; };
/* End PBXBuildFile section */

/* Begin PBXContainerItemProxy section */
		3145BFDC28FBA92500798FC0 /* PBXContainerItemProxy */ = {
			isa = PBXContainerItemProxy;
			containerPortal = 3145BFBD28FBA92200798FC0 /* Project object */;
			proxyType = 1;
			remoteGlobalIDString = 3145BFC428FBA92200798FC0;
			remoteInfo = "AutoCript-Assignment";
		};
		3150818028FBDF4600DA9EB7 /* PBXContainerItemProxy */ = {
			isa = PBXContainerItemProxy;
			containerPortal = 3145BFBD28FBA92200798FC0 /* Project object */;
			proxyType = 1;
			remoteGlobalIDString = 3145BFC428FBA92200798FC0;
			remoteInfo = "AutoCript-Assignment";
		};
/* End PBXContainerItemProxy section */

/* Begin PBXFileReference section */
		31158F4628FD411E004C8283 /* RxSwift+getSingle.swift */ = {isa = PBXFileReference; lastKnownFileType = sourcecode.swift; path = "RxSwift+getSingle.swift"; sourceTree = "<group>"; };
		31158F4828FD416B004C8283 /* Paginated.swift */ = {isa = PBXFileReference; lastKnownFileType = sourcecode.swift; path = Paginated.swift; sourceTree = "<group>"; };
		31158F4A28FD7693004C8283 /* RxSwift+paginated.swift */ = {isa = PBXFileReference; lastKnownFileType = sourcecode.swift; path = "RxSwift+paginated.swift"; sourceTree = "<group>"; };
		31158F4C28FD76B8004C8283 /* PagingController.swift */ = {isa = PBXFileReference; lastKnownFileType = sourcecode.swift; path = PagingController.swift; sourceTree = "<group>"; };
		31158F4E28FD76CD004C8283 /* PagingViewModel.swift */ = {isa = PBXFileReference; lastKnownFileType = sourcecode.swift; path = PagingViewModel.swift; sourceTree = "<group>"; };
		3145BFC528FBA92200798FC0 /* AutoCrypt-Assignment.app */ = {isa = PBXFileReference; explicitFileType = wrapper.application; includeInIndex = 0; path = "AutoCrypt-Assignment.app"; sourceTree = BUILT_PRODUCTS_DIR; };
		3145BFC828FBA92200798FC0 /* AppDelegate.swift */ = {isa = PBXFileReference; lastKnownFileType = sourcecode.swift; path = AppDelegate.swift; sourceTree = "<group>"; };
		3145BFCA28FBA92200798FC0 /* SceneDelegate.swift */ = {isa = PBXFileReference; lastKnownFileType = sourcecode.swift; path = SceneDelegate.swift; sourceTree = "<group>"; };
		3145BFD128FBA92500798FC0 /* Assets.xcassets */ = {isa = PBXFileReference; lastKnownFileType = folder.assetcatalog; path = Assets.xcassets; sourceTree = "<group>"; };
		3145BFD428FBA92500798FC0 /* Base */ = {isa = PBXFileReference; lastKnownFileType = file.storyboard; name = Base; path = Base.lproj/LaunchScreen.storyboard; sourceTree = "<group>"; };
		3145BFD628FBA92500798FC0 /* Info.plist */ = {isa = PBXFileReference; lastKnownFileType = text.plist.xml; path = Info.plist; sourceTree = "<group>"; };
		3145BFDB28FBA92500798FC0 /* AutoCrypt-AssignmentTests.xctest */ = {isa = PBXFileReference; explicitFileType = wrapper.cfbundle; includeInIndex = 0; path = "AutoCrypt-AssignmentTests.xctest"; sourceTree = BUILT_PRODUCTS_DIR; };
		3150816E28FBD4C900DA9EB7 /* HTTPClient.swift */ = {isa = PBXFileReference; lastKnownFileType = sourcecode.swift; path = HTTPClient.swift; sourceTree = "<group>"; };
		3150817028FBD4F100DA9EB7 /* VaccinationCenter.swift */ = {isa = PBXFileReference; lastKnownFileType = sourcecode.swift; path = VaccinationCenter.swift; sourceTree = "<group>"; };
		3150817228FBD52800DA9EB7 /* VaccinationCenterMapper.swift */ = {isa = PBXFileReference; lastKnownFileType = sourcecode.swift; path = VaccinationCenterMapper.swift; sourceTree = "<group>"; };
		3150817428FBDC7800DA9EB7 /* URLSessionHTTPClient.swift */ = {isa = PBXFileReference; lastKnownFileType = sourcecode.swift; path = URLSessionHTTPClient.swift; sourceTree = "<group>"; };
		3150817C28FBDF4600DA9EB7 /* RemoteAPIEndToEndTests.xctest */ = {isa = PBXFileReference; explicitFileType = wrapper.cfbundle; includeInIndex = 0; path = RemoteAPIEndToEndTests.xctest; sourceTree = BUILT_PRODUCTS_DIR; };
		3150817E28FBDF4600DA9EB7 /* RemoteAPIEndToEndTests.swift */ = {isa = PBXFileReference; lastKnownFileType = sourcecode.swift; path = RemoteAPIEndToEndTests.swift; sourceTree = "<group>"; };
		3150818628FBE11A00DA9EB7 /* XCTestCase+trackMemoryLeak.swift */ = {isa = PBXFileReference; lastKnownFileType = sourcecode.swift; path = "XCTestCase+trackMemoryLeak.swift"; sourceTree = "<group>"; };
		3150818928FC0CC400DA9EB7 /* VaccinationCentersUIIntegrationTests.swift */ = {isa = PBXFileReference; lastKnownFileType = sourcecode.swift; path = VaccinationCentersUIIntegrationTests.swift; sourceTree = "<group>"; };
		3150818B28FC2B5800DA9EB7 /* TestHelpers.swift */ = {isa = PBXFileReference; lastKnownFileType = sourcecode.swift; path = TestHelpers.swift; sourceTree = "<group>"; };
		3150819028FC46B900DA9EB7 /* VaccinationCenterListViewController.swift */ = {isa = PBXFileReference; lastKnownFileType = sourcecode.swift; path = VaccinationCenterListViewController.swift; sourceTree = "<group>"; };
		3150819228FC472800DA9EB7 /* VaccinationCenterCell.swift */ = {isa = PBXFileReference; lastKnownFileType = sourcecode.swift; path = VaccinationCenterCell.swift; sourceTree = "<group>"; };
		3150819528FC47AF00DA9EB7 /* VaccinationCentersRefreshController.swift */ = {isa = PBXFileReference; lastKnownFileType = sourcecode.swift; path = VaccinationCentersRefreshController.swift; sourceTree = "<group>"; };
		3150819728FC4BD600DA9EB7 /* VaccinationCenterCellController.swift */ = {isa = PBXFileReference; lastKnownFileType = sourcecode.swift; path = VaccinationCenterCellController.swift; sourceTree = "<group>"; };
		3150819A28FC4D2300DA9EB7 /* VaccinationCentersUIComposer.swift */ = {isa = PBXFileReference; lastKnownFileType = sourcecode.swift; path = VaccinationCentersUIComposer.swift; sourceTree = "<group>"; };
		3150819C28FD060300DA9EB7 /* VaccinationCentersViewModel.swift */ = {isa = PBXFileReference; lastKnownFileType = sourcecode.swift; path = VaccinationCentersViewModel.swift; sourceTree = "<group>"; };
		319975622903F5A1005A44AD /* VaccinationCentersViewModelTests.swift */ = {isa = PBXFileReference; lastKnownFileType = sourcecode.swift; path = VaccinationCentersViewModelTests.swift; sourceTree = "<group>"; };
		3199756429054D8C005A44AD /* VaccinationCenterDetailView.swift */ = {isa = PBXFileReference; lastKnownFileType = sourcecode.swift; path = VaccinationCenterDetailView.swift; sourceTree = "<group>"; };
		3199756629055851005A44AD /* VaccinationCenterConfiguration.swift */ = {isa = PBXFileReference; lastKnownFileType = sourcecode.swift; path = VaccinationCenterConfiguration.swift; sourceTree = "<group>"; };
		31A8BBC528FEA714009459F0 /* VaccinationCenterMapperTests.swift */ = {isa = PBXFileReference; lastKnownFileType = sourcecode.swift; path = VaccinationCenterMapperTests.swift; sourceTree = "<group>"; };
		31A8BBC728FECEBF009459F0 /* VaccinationCenterListViewController+TestHelpers.swift */ = {isa = PBXFileReference; lastKnownFileType = sourcecode.swift; path = "VaccinationCenterListViewController+TestHelpers.swift"; sourceTree = "<group>"; };
		31A8BBCA28FECF4F009459F0 /* VaccinationCenterCell+TestHelpers.swift */ = {isa = PBXFileReference; lastKnownFileType = sourcecode.swift; path = "VaccinationCenterCell+TestHelpers.swift"; sourceTree = "<group>"; };
		31DEF6CE28FDB83C0019F6E9 /* UIView+forceLayout.swift */ = {isa = PBXFileReference; lastKnownFileType = sourcecode.swift; path = "UIView+forceLayout.swift"; sourceTree = "<group>"; };
		31DEF6DC28FE74070019F6E9 /* VaccinationCentersEndPointTests.swift */ = {isa = PBXFileReference; lastKnownFileType = sourcecode.swift; path = VaccinationCentersEndPointTests.swift; sourceTree = "<group>"; };
		31DEF6DE28FE7AB90019F6E9 /* VaccinationCenterListEndPoint.swift */ = {isa = PBXFileReference; lastKnownFileType = sourcecode.swift; path = VaccinationCenterListEndPoint.swift; sourceTree = "<group>"; };
/* End PBXFileReference section */

/* Begin PBXFrameworksBuildPhase section */
		3145BFC228FBA92200798FC0 /* Frameworks */ = {
			isa = PBXFrameworksBuildPhase;
			buildActionMask = 2147483647;
			files = (
				31DEF6D628FE55910019F6E9 /* RxSwift in Frameworks */,
				3199755E2903DA0A005A44AD /* Differentiator in Frameworks */,
				31DEF6D928FE561F0019F6E9 /* SnapKit in Frameworks */,
				319975602903DA0A005A44AD /* RxDataSources in Frameworks */,
				31DEF6D428FE55910019F6E9 /* RxRelay in Frameworks */,
				31DEF6D228FE55910019F6E9 /* RxCocoa in Frameworks */,
			);
			runOnlyForDeploymentPostprocessing = 0;
		};
		3145BFD828FBA92500798FC0 /* Frameworks */ = {
			isa = PBXFrameworksBuildPhase;
			buildActionMask = 2147483647;
			files = (
			);
			runOnlyForDeploymentPostprocessing = 0;
		};
		3150817928FBDF4600DA9EB7 /* Frameworks */ = {
			isa = PBXFrameworksBuildPhase;
			buildActionMask = 2147483647;
			files = (
			);
			runOnlyForDeploymentPostprocessing = 0;
		};
/* End PBXFrameworksBuildPhase section */

/* Begin PBXGroup section */
		3145BFBC28FBA92200798FC0 = {
			isa = PBXGroup;
			children = (
				3145BFC728FBA92200798FC0 /* AutoCrypt-Assignment */,
				3145BFDE28FBA92600798FC0 /* AutoCrypt-AssignmentTests */,
				3150817D28FBDF4600DA9EB7 /* RemoteAPIEndToEndTests */,
				3145BFC628FBA92200798FC0 /* Products */,
			);
			sourceTree = "<group>";
		};
		3145BFC628FBA92200798FC0 /* Products */ = {
			isa = PBXGroup;
			children = (
				3145BFC528FBA92200798FC0 /* AutoCrypt-Assignment.app */,
				3145BFDB28FBA92500798FC0 /* AutoCrypt-AssignmentTests.xctest */,
				3150817C28FBDF4600DA9EB7 /* RemoteAPIEndToEndTests.xctest */,
			);
			name = Products;
			sourceTree = "<group>";
		};
		3145BFC728FBA92200798FC0 /* AutoCrypt-Assignment */ = {
			isa = PBXGroup;
			children = (
				3150819928FC4D0A00DA9EB7 /* Composition */,
				3150819428FC478900DA9EB7 /* Vaccination Presentation */,
				3150818D28FC42C900DA9EB7 /* Vaccination UI */,
				3150816B28FBD40B00DA9EB7 /* Vaccination API */,
				3150816A28FBD3F000DA9EB7 /* Vaccination Feature */,
				3145BFC828FBA92200798FC0 /* AppDelegate.swift */,
				3145BFCA28FBA92200798FC0 /* SceneDelegate.swift */,
				3145BFD128FBA92500798FC0 /* Assets.xcassets */,
				3145BFD328FBA92500798FC0 /* LaunchScreen.storyboard */,
				3145BFD628FBA92500798FC0 /* Info.plist */,
			);
			path = "AutoCrypt-Assignment";
			sourceTree = "<group>";
		};
		3145BFDE28FBA92600798FC0 /* AutoCrypt-AssignmentTests */ = {
			isa = PBXGroup;
			children = (
				319975612903F58D005A44AD /* Vaccination Presentation */,
				3150818528FBE10C00DA9EB7 /* Helpers */,
				31DEF6DA28FE73DA0019F6E9 /* API */,
				31DEF6DB28FE73EB0019F6E9 /* UI */,
			);
			path = "AutoCrypt-AssignmentTests";
			sourceTree = "<group>";
		};
		3150816A28FBD3F000DA9EB7 /* Vaccination Feature */ = {
			isa = PBXGroup;
			children = (
				3150817028FBD4F100DA9EB7 /* VaccinationCenter.swift */,
			);
			path = "Vaccination Feature";
			sourceTree = "<group>";
		};
		3150816B28FBD40B00DA9EB7 /* Vaccination API */ = {
			isa = PBXGroup;
			children = (
				3150816E28FBD4C900DA9EB7 /* HTTPClient.swift */,
				3150817228FBD52800DA9EB7 /* VaccinationCenterMapper.swift */,
				3150817428FBDC7800DA9EB7 /* URLSessionHTTPClient.swift */,
				31158F4828FD416B004C8283 /* Paginated.swift */,
				31DEF6DE28FE7AB90019F6E9 /* VaccinationCenterListEndPoint.swift */,
			);
			path = "Vaccination API";
			sourceTree = "<group>";
		};
		3150817D28FBDF4600DA9EB7 /* RemoteAPIEndToEndTests */ = {
			isa = PBXGroup;
			children = (
				3150817E28FBDF4600DA9EB7 /* RemoteAPIEndToEndTests.swift */,
			);
			path = RemoteAPIEndToEndTests;
			sourceTree = "<group>";
		};
		3150818528FBE10C00DA9EB7 /* Helpers */ = {
			isa = PBXGroup;
			children = (
				3150818628FBE11A00DA9EB7 /* XCTestCase+trackMemoryLeak.swift */,
				3150818B28FC2B5800DA9EB7 /* TestHelpers.swift */,
				31DEF6CE28FDB83C0019F6E9 /* UIView+forceLayout.swift */,
			);
			path = Helpers;
			sourceTree = "<group>";
		};
		3150818D28FC42C900DA9EB7 /* Vaccination UI */ = {
			isa = PBXGroup;
			children = (
				3150818E28FC46A700DA9EB7 /* Controllers */,
				3150818F28FC46AB00DA9EB7 /* Views */,
			);
			path = "Vaccination UI";
			sourceTree = "<group>";
		};
		3150818E28FC46A700DA9EB7 /* Controllers */ = {
			isa = PBXGroup;
			children = (
				3150819028FC46B900DA9EB7 /* VaccinationCenterListViewController.swift */,
				3150819528FC47AF00DA9EB7 /* VaccinationCentersRefreshController.swift */,
				3150819728FC4BD600DA9EB7 /* VaccinationCenterCellController.swift */,
				31158F4C28FD76B8004C8283 /* PagingController.swift */,
			);
			path = Controllers;
			sourceTree = "<group>";
		};
		3150818F28FC46AB00DA9EB7 /* Views */ = {
			isa = PBXGroup;
			children = (
				3150819228FC472800DA9EB7 /* VaccinationCenterCell.swift */,
				3199756429054D8C005A44AD /* VaccinationCenterDetailView.swift */,
				3199756629055851005A44AD /* VaccinationCenterConfiguration.swift */,
			);
			path = Views;
			sourceTree = "<group>";
		};
		3150819428FC478900DA9EB7 /* Vaccination Presentation */ = {
			isa = PBXGroup;
			children = (
				3150819C28FD060300DA9EB7 /* VaccinationCentersViewModel.swift */,
				31158F4E28FD76CD004C8283 /* PagingViewModel.swift */,
			);
			path = "Vaccination Presentation";
			sourceTree = "<group>";
		};
		3150819928FC4D0A00DA9EB7 /* Composition */ = {
			isa = PBXGroup;
			children = (
				3150819A28FC4D2300DA9EB7 /* VaccinationCentersUIComposer.swift */,
				31158F4628FD411E004C8283 /* RxSwift+getSingle.swift */,
				31158F4A28FD7693004C8283 /* RxSwift+paginated.swift */,
			);
			path = Composition;
			sourceTree = "<group>";
		};
		319975612903F58D005A44AD /* Vaccination Presentation */ = {
			isa = PBXGroup;
			children = (
				319975622903F5A1005A44AD /* VaccinationCentersViewModelTests.swift */,
			);
			path = "Vaccination Presentation";
			sourceTree = "<group>";
		};
		31A8BBC928FECF0F009459F0 /* Helpers */ = {
			isa = PBXGroup;
			children = (
				31A8BBC728FECEBF009459F0 /* VaccinationCenterListViewController+TestHelpers.swift */,
				31A8BBCA28FECF4F009459F0 /* VaccinationCenterCell+TestHelpers.swift */,
			);
			path = Helpers;
			sourceTree = "<group>";
		};
		31DEF6DA28FE73DA0019F6E9 /* API */ = {
			isa = PBXGroup;
			children = (
				31DEF6DC28FE74070019F6E9 /* VaccinationCentersEndPointTests.swift */,
				31A8BBC528FEA714009459F0 /* VaccinationCenterMapperTests.swift */,
			);
			path = API;
			sourceTree = "<group>";
		};
		31DEF6DB28FE73EB0019F6E9 /* UI */ = {
			isa = PBXGroup;
			children = (
				31A8BBC928FECF0F009459F0 /* Helpers */,
				3150818928FC0CC400DA9EB7 /* VaccinationCentersUIIntegrationTests.swift */,
			);
			path = UI;
			sourceTree = "<group>";
		};
/* End PBXGroup section */

/* Begin PBXNativeTarget section */
		3145BFC428FBA92200798FC0 /* AutoCrypt-Assignment */ = {
			isa = PBXNativeTarget;
			buildConfigurationList = 3145BFEF28FBA92600798FC0 /* Build configuration list for PBXNativeTarget "AutoCrypt-Assignment" */;
			buildPhases = (
				3145BFC128FBA92200798FC0 /* Sources */,
				3145BFC228FBA92200798FC0 /* Frameworks */,
				3145BFC328FBA92200798FC0 /* Resources */,
			);
			buildRules = (
			);
			dependencies = (
			);
			name = "AutoCrypt-Assignment";
			packageProductDependencies = (
				31DEF6D128FE55910019F6E9 /* RxCocoa */,
				31DEF6D328FE55910019F6E9 /* RxRelay */,
				31DEF6D528FE55910019F6E9 /* RxSwift */,
				31DEF6D828FE561F0019F6E9 /* SnapKit */,
				3199755D2903DA0A005A44AD /* Differentiator */,
				3199755F2903DA0A005A44AD /* RxDataSources */,
			);
			productName = "AutoCript-Assignment";
			productReference = 3145BFC528FBA92200798FC0 /* AutoCrypt-Assignment.app */;
			productType = "com.apple.product-type.application";
		};
		3145BFDA28FBA92500798FC0 /* AutoCrypt-AssignmentTests */ = {
			isa = PBXNativeTarget;
			buildConfigurationList = 3145BFF228FBA92600798FC0 /* Build configuration list for PBXNativeTarget "AutoCrypt-AssignmentTests" */;
			buildPhases = (
				3145BFD728FBA92500798FC0 /* Sources */,
				3145BFD828FBA92500798FC0 /* Frameworks */,
				3145BFD928FBA92500798FC0 /* Resources */,
			);
			buildRules = (
			);
			dependencies = (
				3145BFDD28FBA92500798FC0 /* PBXTargetDependency */,
			);
			name = "AutoCrypt-AssignmentTests";
			productName = "AutoCript-AssignmentTests";
			productReference = 3145BFDB28FBA92500798FC0 /* AutoCrypt-AssignmentTests.xctest */;
			productType = "com.apple.product-type.bundle.unit-test";
		};
		3150817B28FBDF4600DA9EB7 /* RemoteAPIEndToEndTests */ = {
			isa = PBXNativeTarget;
			buildConfigurationList = 3150818228FBDF4700DA9EB7 /* Build configuration list for PBXNativeTarget "RemoteAPIEndToEndTests" */;
			buildPhases = (
				3150817828FBDF4600DA9EB7 /* Sources */,
				3150817928FBDF4600DA9EB7 /* Frameworks */,
				3150817A28FBDF4600DA9EB7 /* Resources */,
			);
			buildRules = (
			);
			dependencies = (
				3150818128FBDF4600DA9EB7 /* PBXTargetDependency */,
			);
			name = RemoteAPIEndToEndTests;
			productName = RemoteAPIEndToEndTests;
			productReference = 3150817C28FBDF4600DA9EB7 /* RemoteAPIEndToEndTests.xctest */;
			productType = "com.apple.product-type.bundle.unit-test";
		};
/* End PBXNativeTarget section */

/* Begin PBXProject section */
		3145BFBD28FBA92200798FC0 /* Project object */ = {
			isa = PBXProject;
			attributes = {
				BuildIndependentTargetsInParallel = 1;
				LastSwiftUpdateCheck = 1400;
				LastUpgradeCheck = 1400;
				TargetAttributes = {
					3145BFC428FBA92200798FC0 = {
						CreatedOnToolsVersion = 14.0;
					};
					3145BFDA28FBA92500798FC0 = {
						CreatedOnToolsVersion = 14.0;
						TestTargetID = 3145BFC428FBA92200798FC0;
					};
					3150817B28FBDF4600DA9EB7 = {
						CreatedOnToolsVersion = 14.0;
						TestTargetID = 3145BFC428FBA92200798FC0;
					};
				};
			};
			buildConfigurationList = 3145BFC028FBA92200798FC0 /* Build configuration list for PBXProject "AutoCrypt-Assignment" */;
			compatibilityVersion = "Xcode 13.0";
			developmentRegion = en;
			hasScannedForEncodings = 0;
			knownRegions = (
				en,
				Base,
			);
			mainGroup = 3145BFBC28FBA92200798FC0;
			packageReferences = (
				31DEF6D028FE55910019F6E9 /* XCRemoteSwiftPackageReference "RxSwift" */,
				31DEF6D728FE561F0019F6E9 /* XCRemoteSwiftPackageReference "SnapKit" */,
				3199755C2903DA0A005A44AD /* XCRemoteSwiftPackageReference "RxDataSources" */,
			);
			productRefGroup = 3145BFC628FBA92200798FC0 /* Products */;
			projectDirPath = "";
			projectRoot = "";
			targets = (
				3145BFC428FBA92200798FC0 /* AutoCrypt-Assignment */,
				3145BFDA28FBA92500798FC0 /* AutoCrypt-AssignmentTests */,
				3150817B28FBDF4600DA9EB7 /* RemoteAPIEndToEndTests */,
			);
		};
/* End PBXProject section */

/* Begin PBXResourcesBuildPhase section */
		3145BFC328FBA92200798FC0 /* Resources */ = {
			isa = PBXResourcesBuildPhase;
			buildActionMask = 2147483647;
			files = (
				3145BFD528FBA92500798FC0 /* LaunchScreen.storyboard in Resources */,
				3145BFD228FBA92500798FC0 /* Assets.xcassets in Resources */,
			);
			runOnlyForDeploymentPostprocessing = 0;
		};
		3145BFD928FBA92500798FC0 /* Resources */ = {
			isa = PBXResourcesBuildPhase;
			buildActionMask = 2147483647;
			files = (
			);
			runOnlyForDeploymentPostprocessing = 0;
		};
		3150817A28FBDF4600DA9EB7 /* Resources */ = {
			isa = PBXResourcesBuildPhase;
			buildActionMask = 2147483647;
			files = (
			);
			runOnlyForDeploymentPostprocessing = 0;
		};
/* End PBXResourcesBuildPhase section */

/* Begin PBXSourcesBuildPhase section */
		3145BFC128FBA92200798FC0 /* Sources */ = {
			isa = PBXSourcesBuildPhase;
			buildActionMask = 2147483647;
			files = (
				3150817528FBDC7800DA9EB7 /* URLSessionHTTPClient.swift in Sources */,
				31158F4B28FD7693004C8283 /* RxSwift+paginated.swift in Sources */,
				31158F4728FD411E004C8283 /* RxSwift+getSingle.swift in Sources */,
				3150819D28FD060300DA9EB7 /* VaccinationCentersViewModel.swift in Sources */,
				3150819328FC472800DA9EB7 /* VaccinationCenterCell.swift in Sources */,
				31158F4928FD416B004C8283 /* Paginated.swift in Sources */,
				31158F4D28FD76B8004C8283 /* PagingController.swift in Sources */,
				3150819B28FC4D2300DA9EB7 /* VaccinationCentersUIComposer.swift in Sources */,
				31158F4F28FD76CD004C8283 /* PagingViewModel.swift in Sources */,
				3145BFC928FBA92200798FC0 /* AppDelegate.swift in Sources */,
				3150819828FC4BD600DA9EB7 /* VaccinationCenterCellController.swift in Sources */,
				3199756729055851005A44AD /* VaccinationCenterConfiguration.swift in Sources */,
				3150816F28FBD4C900DA9EB7 /* HTTPClient.swift in Sources */,
				3145BFCB28FBA92200798FC0 /* SceneDelegate.swift in Sources */,
				31DEF6DF28FE7AB90019F6E9 /* VaccinationCenterListEndPoint.swift in Sources */,
				3150819628FC47AF00DA9EB7 /* VaccinationCentersRefreshController.swift in Sources */,
				3199756529054D8C005A44AD /* VaccinationCenterDetailView.swift in Sources */,
				3150817128FBD4F100DA9EB7 /* VaccinationCenter.swift in Sources */,
				3150817328FBD52800DA9EB7 /* VaccinationCenterMapper.swift in Sources */,
				3150819128FC46B900DA9EB7 /* VaccinationCenterListViewController.swift in Sources */,
			);
			runOnlyForDeploymentPostprocessing = 0;
		};
		3145BFD728FBA92500798FC0 /* Sources */ = {
			isa = PBXSourcesBuildPhase;
			buildActionMask = 2147483647;
			files = (
				31A8BBCB28FECF4F009459F0 /* VaccinationCenterCell+TestHelpers.swift in Sources */,
				31A8BBC828FECEBF009459F0 /* VaccinationCenterListViewController+TestHelpers.swift in Sources */,
				3150818728FBE11A00DA9EB7 /* XCTestCase+trackMemoryLeak.swift in Sources */,
				31DEF6DD28FE74070019F6E9 /* VaccinationCentersEndPointTests.swift in Sources */,
				3150818A28FC0CC400DA9EB7 /* VaccinationCentersUIIntegrationTests.swift in Sources */,
				31DEF6CF28FDB83C0019F6E9 /* UIView+forceLayout.swift in Sources */,
				3150818C28FC2B5800DA9EB7 /* TestHelpers.swift in Sources */,
				31A8BBC628FEA714009459F0 /* VaccinationCenterMapperTests.swift in Sources */,
				319975632903F5A1005A44AD /* VaccinationCentersViewModelTests.swift in Sources */,
			);
			runOnlyForDeploymentPostprocessing = 0;
		};
		3150817828FBDF4600DA9EB7 /* Sources */ = {
			isa = PBXSourcesBuildPhase;
			buildActionMask = 2147483647;
			files = (
				3150818828FBE13500DA9EB7 /* XCTestCase+trackMemoryLeak.swift in Sources */,
				3150817F28FBDF4600DA9EB7 /* RemoteAPIEndToEndTests.swift in Sources */,
			);
			runOnlyForDeploymentPostprocessing = 0;
		};
/* End PBXSourcesBuildPhase section */

/* Begin PBXTargetDependency section */
		3145BFDD28FBA92500798FC0 /* PBXTargetDependency */ = {
			isa = PBXTargetDependency;
			target = 3145BFC428FBA92200798FC0 /* AutoCrypt-Assignment */;
			targetProxy = 3145BFDC28FBA92500798FC0 /* PBXContainerItemProxy */;
		};
		3150818128FBDF4600DA9EB7 /* PBXTargetDependency */ = {
			isa = PBXTargetDependency;
			target = 3145BFC428FBA92200798FC0 /* AutoCrypt-Assignment */;
			targetProxy = 3150818028FBDF4600DA9EB7 /* PBXContainerItemProxy */;
		};
/* End PBXTargetDependency section */

/* Begin PBXVariantGroup section */
		3145BFD328FBA92500798FC0 /* LaunchScreen.storyboard */ = {
			isa = PBXVariantGroup;
			children = (
				3145BFD428FBA92500798FC0 /* Base */,
			);
			name = LaunchScreen.storyboard;
			sourceTree = "<group>";
		};
/* End PBXVariantGroup section */

/* Begin XCBuildConfiguration section */
		3145BFED28FBA92600798FC0 /* Debug */ = {
			isa = XCBuildConfiguration;
			buildSettings = {
				ALWAYS_SEARCH_USER_PATHS = NO;
				CLANG_ANALYZER_NONNULL = YES;
				CLANG_ANALYZER_NUMBER_OBJECT_CONVERSION = YES_AGGRESSIVE;
				CLANG_CXX_LANGUAGE_STANDARD = "gnu++20";
				CLANG_ENABLE_MODULES = YES;
				CLANG_ENABLE_OBJC_ARC = YES;
				CLANG_ENABLE_OBJC_WEAK = YES;
				CLANG_WARN_BLOCK_CAPTURE_AUTORELEASING = YES;
				CLANG_WARN_BOOL_CONVERSION = YES;
				CLANG_WARN_COMMA = YES;
				CLANG_WARN_CONSTANT_CONVERSION = YES;
				CLANG_WARN_DEPRECATED_OBJC_IMPLEMENTATIONS = YES;
				CLANG_WARN_DIRECT_OBJC_ISA_USAGE = YES_ERROR;
				CLANG_WARN_DOCUMENTATION_COMMENTS = YES;
				CLANG_WARN_EMPTY_BODY = YES;
				CLANG_WARN_ENUM_CONVERSION = YES;
				CLANG_WARN_INFINITE_RECURSION = YES;
				CLANG_WARN_INT_CONVERSION = YES;
				CLANG_WARN_NON_LITERAL_NULL_CONVERSION = YES;
				CLANG_WARN_OBJC_IMPLICIT_RETAIN_SELF = YES;
				CLANG_WARN_OBJC_LITERAL_CONVERSION = YES;
				CLANG_WARN_OBJC_ROOT_CLASS = YES_ERROR;
				CLANG_WARN_QUOTED_INCLUDE_IN_FRAMEWORK_HEADER = YES;
				CLANG_WARN_RANGE_LOOP_ANALYSIS = YES;
				CLANG_WARN_STRICT_PROTOTYPES = YES;
				CLANG_WARN_SUSPICIOUS_MOVE = YES;
				CLANG_WARN_UNGUARDED_AVAILABILITY = YES_AGGRESSIVE;
				CLANG_WARN_UNREACHABLE_CODE = YES;
				CLANG_WARN__DUPLICATE_METHOD_MATCH = YES;
				COPY_PHASE_STRIP = NO;
				DEBUG_INFORMATION_FORMAT = dwarf;
				ENABLE_STRICT_OBJC_MSGSEND = YES;
				ENABLE_TESTABILITY = YES;
				GCC_C_LANGUAGE_STANDARD = gnu11;
				GCC_DYNAMIC_NO_PIC = NO;
				GCC_NO_COMMON_BLOCKS = YES;
				GCC_OPTIMIZATION_LEVEL = 0;
				GCC_PREPROCESSOR_DEFINITIONS = (
					"DEBUG=1",
					"$(inherited)",
				);
				GCC_WARN_64_TO_32_BIT_CONVERSION = YES;
				GCC_WARN_ABOUT_RETURN_TYPE = YES_ERROR;
				GCC_WARN_UNDECLARED_SELECTOR = YES;
				GCC_WARN_UNINITIALIZED_AUTOS = YES_AGGRESSIVE;
				GCC_WARN_UNUSED_FUNCTION = YES;
				GCC_WARN_UNUSED_VARIABLE = YES;
				IPHONEOS_DEPLOYMENT_TARGET = 16.0;
				MTL_ENABLE_DEBUG_INFO = INCLUDE_SOURCE;
				MTL_FAST_MATH = YES;
				ONLY_ACTIVE_ARCH = YES;
				SDKROOT = iphoneos;
				SWIFT_ACTIVE_COMPILATION_CONDITIONS = DEBUG;
				SWIFT_OPTIMIZATION_LEVEL = "-Onone";
			};
			name = Debug;
		};
		3145BFEE28FBA92600798FC0 /* Release */ = {
			isa = XCBuildConfiguration;
			buildSettings = {
				ALWAYS_SEARCH_USER_PATHS = NO;
				CLANG_ANALYZER_NONNULL = YES;
				CLANG_ANALYZER_NUMBER_OBJECT_CONVERSION = YES_AGGRESSIVE;
				CLANG_CXX_LANGUAGE_STANDARD = "gnu++20";
				CLANG_ENABLE_MODULES = YES;
				CLANG_ENABLE_OBJC_ARC = YES;
				CLANG_ENABLE_OBJC_WEAK = YES;
				CLANG_WARN_BLOCK_CAPTURE_AUTORELEASING = YES;
				CLANG_WARN_BOOL_CONVERSION = YES;
				CLANG_WARN_COMMA = YES;
				CLANG_WARN_CONSTANT_CONVERSION = YES;
				CLANG_WARN_DEPRECATED_OBJC_IMPLEMENTATIONS = YES;
				CLANG_WARN_DIRECT_OBJC_ISA_USAGE = YES_ERROR;
				CLANG_WARN_DOCUMENTATION_COMMENTS = YES;
				CLANG_WARN_EMPTY_BODY = YES;
				CLANG_WARN_ENUM_CONVERSION = YES;
				CLANG_WARN_INFINITE_RECURSION = YES;
				CLANG_WARN_INT_CONVERSION = YES;
				CLANG_WARN_NON_LITERAL_NULL_CONVERSION = YES;
				CLANG_WARN_OBJC_IMPLICIT_RETAIN_SELF = YES;
				CLANG_WARN_OBJC_LITERAL_CONVERSION = YES;
				CLANG_WARN_OBJC_ROOT_CLASS = YES_ERROR;
				CLANG_WARN_QUOTED_INCLUDE_IN_FRAMEWORK_HEADER = YES;
				CLANG_WARN_RANGE_LOOP_ANALYSIS = YES;
				CLANG_WARN_STRICT_PROTOTYPES = YES;
				CLANG_WARN_SUSPICIOUS_MOVE = YES;
				CLANG_WARN_UNGUARDED_AVAILABILITY = YES_AGGRESSIVE;
				CLANG_WARN_UNREACHABLE_CODE = YES;
				CLANG_WARN__DUPLICATE_METHOD_MATCH = YES;
				COPY_PHASE_STRIP = NO;
				DEBUG_INFORMATION_FORMAT = "dwarf-with-dsym";
				ENABLE_NS_ASSERTIONS = NO;
				ENABLE_STRICT_OBJC_MSGSEND = YES;
				GCC_C_LANGUAGE_STANDARD = gnu11;
				GCC_NO_COMMON_BLOCKS = YES;
				GCC_WARN_64_TO_32_BIT_CONVERSION = YES;
				GCC_WARN_ABOUT_RETURN_TYPE = YES_ERROR;
				GCC_WARN_UNDECLARED_SELECTOR = YES;
				GCC_WARN_UNINITIALIZED_AUTOS = YES_AGGRESSIVE;
				GCC_WARN_UNUSED_FUNCTION = YES;
				GCC_WARN_UNUSED_VARIABLE = YES;
				IPHONEOS_DEPLOYMENT_TARGET = 16.0;
				MTL_ENABLE_DEBUG_INFO = NO;
				MTL_FAST_MATH = YES;
				SDKROOT = iphoneos;
				SWIFT_COMPILATION_MODE = wholemodule;
				SWIFT_OPTIMIZATION_LEVEL = "-O";
				VALIDATE_PRODUCT = YES;
			};
			name = Release;
		};
		3145BFF028FBA92600798FC0 /* Debug */ = {
			isa = XCBuildConfiguration;
			buildSettings = {
				ASSETCATALOG_COMPILER_APPICON_NAME = AppIcon;
				ASSETCATALOG_COMPILER_GLOBAL_ACCENT_COLOR_NAME = AccentColor;
				CODE_SIGN_STYLE = Automatic;
				CURRENT_PROJECT_VERSION = 1;
				DEVELOPMENT_TEAM = 7DY6Z945T9;
				GENERATE_INFOPLIST_FILE = YES;
				INFOPLIST_FILE = "AutoCrypt-Assignment/Info.plist";
				INFOPLIST_KEY_UIApplicationSupportsIndirectInputEvents = YES;
				INFOPLIST_KEY_UILaunchStoryboardName = LaunchScreen;
				INFOPLIST_KEY_UISupportedInterfaceOrientations_iPad = "UIInterfaceOrientationPortrait UIInterfaceOrientationPortraitUpsideDown UIInterfaceOrientationLandscapeLeft UIInterfaceOrientationLandscapeRight";
				INFOPLIST_KEY_UISupportedInterfaceOrientations_iPhone = "UIInterfaceOrientationPortrait UIInterfaceOrientationLandscapeLeft UIInterfaceOrientationLandscapeRight";
				IPHONEOS_DEPLOYMENT_TARGET = 15.0;
				LD_RUNPATH_SEARCH_PATHS = (
					"$(inherited)",
					"@executable_path/Frameworks",
				);
				MARKETING_VERSION = 1.0;
				PRODUCT_BUNDLE_IDENTIFIER = "klioop.AutoCript-Assignment";
				PRODUCT_NAME = "$(TARGET_NAME)";
				SWIFT_EMIT_LOC_STRINGS = YES;
				SWIFT_VERSION = 5.0;
				TARGETED_DEVICE_FAMILY = "1,2";
			};
			name = Debug;
		};
		3145BFF128FBA92600798FC0 /* Release */ = {
			isa = XCBuildConfiguration;
			buildSettings = {
				ASSETCATALOG_COMPILER_APPICON_NAME = AppIcon;
				ASSETCATALOG_COMPILER_GLOBAL_ACCENT_COLOR_NAME = AccentColor;
				CODE_SIGN_STYLE = Automatic;
				CURRENT_PROJECT_VERSION = 1;
				DEVELOPMENT_TEAM = 7DY6Z945T9;
				GENERATE_INFOPLIST_FILE = YES;
				INFOPLIST_FILE = "AutoCrypt-Assignment/Info.plist";
				INFOPLIST_KEY_UIApplicationSupportsIndirectInputEvents = YES;
				INFOPLIST_KEY_UILaunchStoryboardName = LaunchScreen;
				INFOPLIST_KEY_UISupportedInterfaceOrientations_iPad = "UIInterfaceOrientationPortrait UIInterfaceOrientationPortraitUpsideDown UIInterfaceOrientationLandscapeLeft UIInterfaceOrientationLandscapeRight";
				INFOPLIST_KEY_UISupportedInterfaceOrientations_iPhone = "UIInterfaceOrientationPortrait UIInterfaceOrientationLandscapeLeft UIInterfaceOrientationLandscapeRight";
				IPHONEOS_DEPLOYMENT_TARGET = 15.0;
				LD_RUNPATH_SEARCH_PATHS = (
					"$(inherited)",
					"@executable_path/Frameworks",
				);
				MARKETING_VERSION = 1.0;
				PRODUCT_BUNDLE_IDENTIFIER = "klioop.AutoCript-Assignment";
				PRODUCT_NAME = "$(TARGET_NAME)";
				SWIFT_EMIT_LOC_STRINGS = YES;
				SWIFT_VERSION = 5.0;
				TARGETED_DEVICE_FAMILY = "1,2";
			};
			name = Release;
		};
		3145BFF328FBA92600798FC0 /* Debug */ = {
			isa = XCBuildConfiguration;
			buildSettings = {
				ALWAYS_EMBED_SWIFT_STANDARD_LIBRARIES = YES;
				BUNDLE_LOADER = "$(TEST_HOST)";
				CODE_SIGN_STYLE = Automatic;
				CURRENT_PROJECT_VERSION = 1;
				DEVELOPMENT_TEAM = 7DY6Z945T9;
				GENERATE_INFOPLIST_FILE = YES;
				IPHONEOS_DEPLOYMENT_TARGET = 15.0;
				MARKETING_VERSION = 1.0;
				PRODUCT_BUNDLE_IDENTIFIER = "klioop.AutoCript-AssignmentTests";
				PRODUCT_NAME = "$(TARGET_NAME)";
				SWIFT_EMIT_LOC_STRINGS = NO;
				SWIFT_VERSION = 5.0;
				TARGETED_DEVICE_FAMILY = "1,2";
				TEST_HOST = "$(BUILT_PRODUCTS_DIR)/AutoCrypt-Assignment.app/$(BUNDLE_EXECUTABLE_FOLDER_PATH)AutoCrypt-Assignment";
			};
			name = Debug;
		};
		3145BFF428FBA92600798FC0 /* Release */ = {
			isa = XCBuildConfiguration;
			buildSettings = {
				ALWAYS_EMBED_SWIFT_STANDARD_LIBRARIES = YES;
				BUNDLE_LOADER = "$(TEST_HOST)";
				CODE_SIGN_STYLE = Automatic;
				CURRENT_PROJECT_VERSION = 1;
				DEVELOPMENT_TEAM = 7DY6Z945T9;
				GENERATE_INFOPLIST_FILE = YES;
				IPHONEOS_DEPLOYMENT_TARGET = 15.0;
				MARKETING_VERSION = 1.0;
				PRODUCT_BUNDLE_IDENTIFIER = "klioop.AutoCript-AssignmentTests";
				PRODUCT_NAME = "$(TARGET_NAME)";
				SWIFT_EMIT_LOC_STRINGS = NO;
				SWIFT_VERSION = 5.0;
				TARGETED_DEVICE_FAMILY = "1,2";
				TEST_HOST = "$(BUILT_PRODUCTS_DIR)/AutoCrypt-Assignment.app/$(BUNDLE_EXECUTABLE_FOLDER_PATH)AutoCrypt-Assignment";
			};
			name = Release;
		};
		3150818328FBDF4700DA9EB7 /* Debug */ = {
			isa = XCBuildConfiguration;
			buildSettings = {
				BUNDLE_LOADER = "$(TEST_HOST)";
				CODE_SIGN_STYLE = Automatic;
				CURRENT_PROJECT_VERSION = 1;
				DEVELOPMENT_TEAM = 7DY6Z945T9;
				GENERATE_INFOPLIST_FILE = YES;
				IPHONEOS_DEPLOYMENT_TARGET = 15.0;
				MARKETING_VERSION = 1.0;
				PRODUCT_BUNDLE_IDENTIFIER = klioop.RemoteAPIEndToEndTests;
				PRODUCT_NAME = "$(TARGET_NAME)";
				SWIFT_EMIT_LOC_STRINGS = NO;
				SWIFT_VERSION = 5.0;
				TARGETED_DEVICE_FAMILY = "1,2";
				TEST_HOST = "$(BUILT_PRODUCTS_DIR)/AutoCrypt-Assignment.app/$(BUNDLE_EXECUTABLE_FOLDER_PATH)AutoCrypt-Assignment";
			};
			name = Debug;
		};
		3150818428FBDF4700DA9EB7 /* Release */ = {
			isa = XCBuildConfiguration;
			buildSettings = {
				BUNDLE_LOADER = "$(TEST_HOST)";
				CODE_SIGN_STYLE = Automatic;
				CURRENT_PROJECT_VERSION = 1;
				DEVELOPMENT_TEAM = 7DY6Z945T9;
				GENERATE_INFOPLIST_FILE = YES;
				IPHONEOS_DEPLOYMENT_TARGET = 15.0;
				MARKETING_VERSION = 1.0;
				PRODUCT_BUNDLE_IDENTIFIER = klioop.RemoteAPIEndToEndTests;
				PRODUCT_NAME = "$(TARGET_NAME)";
				SWIFT_EMIT_LOC_STRINGS = NO;
				SWIFT_VERSION = 5.0;
				TARGETED_DEVICE_FAMILY = "1,2";
				TEST_HOST = "$(BUILT_PRODUCTS_DIR)/AutoCrypt-Assignment.app/$(BUNDLE_EXECUTABLE_FOLDER_PATH)AutoCrypt-Assignment";
			};
			name = Release;
		};
/* End XCBuildConfiguration section */

/* Begin XCConfigurationList section */
		3145BFC028FBA92200798FC0 /* Build configuration list for PBXProject "AutoCrypt-Assignment" */ = {
			isa = XCConfigurationList;
			buildConfigurations = (
				3145BFED28FBA92600798FC0 /* Debug */,
				3145BFEE28FBA92600798FC0 /* Release */,
			);
			defaultConfigurationIsVisible = 0;
			defaultConfigurationName = Release;
		};
		3145BFEF28FBA92600798FC0 /* Build configuration list for PBXNativeTarget "AutoCrypt-Assignment" */ = {
			isa = XCConfigurationList;
			buildConfigurations = (
				3145BFF028FBA92600798FC0 /* Debug */,
				3145BFF128FBA92600798FC0 /* Release */,
			);
			defaultConfigurationIsVisible = 0;
			defaultConfigurationName = Release;
		};
		3145BFF228FBA92600798FC0 /* Build configuration list for PBXNativeTarget "AutoCrypt-AssignmentTests" */ = {
			isa = XCConfigurationList;
			buildConfigurations = (
				3145BFF328FBA92600798FC0 /* Debug */,
				3145BFF428FBA92600798FC0 /* Release */,
			);
			defaultConfigurationIsVisible = 0;
			defaultConfigurationName = Release;
		};
		3150818228FBDF4700DA9EB7 /* Build configuration list for PBXNativeTarget "RemoteAPIEndToEndTests" */ = {
			isa = XCConfigurationList;
			buildConfigurations = (
				3150818328FBDF4700DA9EB7 /* Debug */,
				3150818428FBDF4700DA9EB7 /* Release */,
			);
			defaultConfigurationIsVisible = 0;
			defaultConfigurationName = Release;
		};
/* End XCConfigurationList section */

/* Begin XCRemoteSwiftPackageReference section */
		3199755C2903DA0A005A44AD /* XCRemoteSwiftPackageReference "RxDataSources" */ = {
			isa = XCRemoteSwiftPackageReference;
			repositoryURL = "https://github.com/RxSwiftCommunity/RxDataSources.git";
			requirement = {
				kind = upToNextMajorVersion;
				minimumVersion = 5.0.0;
			};
		};
		31DEF6D028FE55910019F6E9 /* XCRemoteSwiftPackageReference "RxSwift" */ = {
			isa = XCRemoteSwiftPackageReference;
			repositoryURL = "https://github.com/ReactiveX/RxSwift.git";
			requirement = {
				kind = exactVersion;
				version = 6.5.0;
			};
		};
		31DEF6D728FE561F0019F6E9 /* XCRemoteSwiftPackageReference "SnapKit" */ = {
			isa = XCRemoteSwiftPackageReference;
			repositoryURL = "https://github.com/SnapKit/SnapKit.git";
			requirement = {
				kind = exactVersion;
				version = 5.6.0;
			};
		};
/* End XCRemoteSwiftPackageReference section */

/* Begin XCSwiftPackageProductDependency section */
		3199755D2903DA0A005A44AD /* Differentiator */ = {
			isa = XCSwiftPackageProductDependency;
			package = 3199755C2903DA0A005A44AD /* XCRemoteSwiftPackageReference "RxDataSources" */;
			productName = Differentiator;
		};
		3199755F2903DA0A005A44AD /* RxDataSources */ = {
			isa = XCSwiftPackageProductDependency;
			package = 3199755C2903DA0A005A44AD /* XCRemoteSwiftPackageReference "RxDataSources" */;
			productName = RxDataSources;
		};
		31DEF6D128FE55910019F6E9 /* RxCocoa */ = {
			isa = XCSwiftPackageProductDependency;
			package = 31DEF6D028FE55910019F6E9 /* XCRemoteSwiftPackageReference "RxSwift" */;
			productName = RxCocoa;
		};
		31DEF6D328FE55910019F6E9 /* RxRelay */ = {
			isa = XCSwiftPackageProductDependency;
			package = 31DEF6D028FE55910019F6E9 /* XCRemoteSwiftPackageReference "RxSwift" */;
			productName = RxRelay;
		};
		31DEF6D528FE55910019F6E9 /* RxSwift */ = {
			isa = XCSwiftPackageProductDependency;
			package = 31DEF6D028FE55910019F6E9 /* XCRemoteSwiftPackageReference "RxSwift" */;
			productName = RxSwift;
		};
		31DEF6D828FE561F0019F6E9 /* SnapKit */ = {
			isa = XCSwiftPackageProductDependency;
			package = 31DEF6D728FE561F0019F6E9 /* XCRemoteSwiftPackageReference "SnapKit" */;
			productName = SnapKit;
		};
/* End XCSwiftPackageProductDependency section */
	};
	rootObject = 3145BFBD28FBA92200798FC0 /* Project object */;
}
